
Microsoft Visual Studio Solution File, Format Version 12.00
# Visual Studio Version 17
VisualStudioVersion = 17.9.34701.34
MinimumVisualStudioVersion = 10.0.40219.1
Project("{FAE04EC0-301F-11D3-BF4B-00C04F79EFBC}") = "Hopper", "Hopper.csproj", "{B8AF8E51-6E17-4D75-956B-7EF69C0CA8D9}"
EndProject
Global
	GlobalSection(SolutionConfigurationPlatforms) = preSolution
		Debug|Any CPU = Debug|Any CPU
		Release|Any CPU = Release|Any CPU
	EndGlobalSection
	GlobalSection(ProjectConfigurationPlatforms) = postSolution
		{B8AF8E51-6E17-4D75-956B-7EF69C0CA8D9}.Debug|Any CPU.ActiveCfg = Debug|Any CPU
		{B8AF8E51-6E17-4D75-956B-7EF69C0CA8D9}.Debug|Any CPU.Build.0 = Debug|Any CPU
		{B8AF8E51-6E17-4D75-956B-7EF69C0CA8D9}.Release|Any CPU.ActiveCfg = Release|Any CPU
		{B8AF8E51-6E17-4D75-956B-7EF69C0CA8D9}.Release|Any CPU.Build.0 = Release|Any CPU
	EndGlobalSection
	GlobalSection(SolutionProperties) = preSolution
		HideSolutionNode = FALSE
	EndGlobalSection
	GlobalSection(ExtensibilityGlobals) = postSolution
		SolutionGuid = {86832465-68C3-494B-8CE4-E3150BD964BA}
	EndGlobalSection
EndGlobal
