
Microsoft Visual Studio Solution File, Format Version 12.00
# Visual Studio Version 16
VisualStudioVersion = 16.0.32929.386
MinimumVisualStudioVersion = 10.0.40219.1
Project("{FAE04EC0-301F-11D3-BF4B-00C04F79EFBC}") = "HopperNET", "HopperNET.csproj", "{98BDC3FA-1D25-4987-99C0-52FE389D5037}"
EndProject
Global
	GlobalSection(SolutionConfigurationPlatforms) = preSolution
		Debug|Any CPU = Debug|Any CPU
		Release|Any CPU = Release|Any CPU
	EndGlobalSection
	GlobalSection(ProjectConfigurationPlatforms) = postSolution
		{98BDC3FA-1D25-4987-99C0-52FE389D5037}.Debug|Any CPU.ActiveCfg = Debug|Any CPU
		{98BDC3FA-1D25-4987-99C0-52FE389D5037}.Debug|Any CPU.Build.0 = Debug|Any CPU
		{98BDC3FA-1D25-4987-99C0-52FE389D5037}.Release|Any CPU.ActiveCfg = Release|Any CPU
		{98BDC3FA-1D25-4987-99C0-52FE389D5037}.Release|Any CPU.Build.0 = Release|Any CPU
	EndGlobalSection
	GlobalSection(SolutionProperties) = preSolution
		HideSolutionNode = FALSE
	EndGlobalSection
	GlobalSection(ExtensibilityGlobals) = postSolution
		SolutionGuid = {A6812FEB-35BA-41AA-AD7B-9E98B9E700F1}
	EndGlobalSection
EndGlobal
